
Microsoft Visual Studio Solution File, Format Version 12.00
# Visual Studio Version 17
VisualStudioVersion = 17.3.32901.215
MinimumVisualStudioVersion = 10.0.40219.1
Project("{FAE04EC0-301F-11D3-BF4B-00C04F79EFBC}") = "VGMPlayer", "VGMPlayer.csproj", "{8E9CAC30-2AF7-4416-9A05-9558E9674710}"
EndProject
Project("{FAE04EC0-301F-11D3-BF4B-00C04F79EFBC}") = "BitBangTest", "..\BitBangTest\BitBangTest.csproj", "{1B649067-51ED-4019-91CE-9FFCB2E7B8D8}"
EndProject
Global
	GlobalSection(SolutionConfigurationPlatforms) = preSolution
		Debug|Any = Debug|Any
		Debug|Any CPU = Debug|Any CPU
		Release|Any = Release|Any
		Release|Any CPU = Release|Any CPU
	EndGlobalSection
	GlobalSection(ProjectConfigurationPlatforms) = postSolution
		{8E9CAC30-2AF7-4416-9A05-9558E9674710}.Debug|Any.ActiveCfg = Debug|Any CPU
		{8E9CAC30-2AF7-4416-9A05-9558E9674710}.Debug|Any.Build.0 = Debug|Any CPU
		{8E9CAC30-2AF7-4416-9A05-9558E9674710}.Debug|Any CPU.ActiveCfg = Debug|Any CPU
		{8E9CAC30-2AF7-4416-9A05-9558E9674710}.Debug|Any CPU.Build.0 = Debug|Any CPU
		{8E9CAC30-2AF7-4416-9A05-9558E9674710}.Release|Any.ActiveCfg = Release|Any CPU
		{8E9CAC30-2AF7-4416-9A05-9558E9674710}.Release|Any.Build.0 = Release|Any CPU
		{8E9CAC30-2AF7-4416-9A05-9558E9674710}.Release|Any CPU.ActiveCfg = Release|Any CPU
		{8E9CAC30-2AF7-4416-9A05-9558E9674710}.Release|Any CPU.Build.0 = Release|Any CPU
		{1B649067-51ED-4019-91CE-9FFCB2E7B8D8}.Debug|Any.ActiveCfg = Debug|Any CPU
		{1B649067-51ED-4019-91CE-9FFCB2E7B8D8}.Debug|Any.Build.0 = Debug|Any CPU
		{1B649067-51ED-4019-91CE-9FFCB2E7B8D8}.Debug|Any CPU.ActiveCfg = Debug|Any CPU
		{1B649067-51ED-4019-91CE-9FFCB2E7B8D8}.Debug|Any CPU.Build.0 = Debug|Any CPU
		{1B649067-51ED-4019-91CE-9FFCB2E7B8D8}.Release|Any.ActiveCfg = Release|Any CPU
		{1B649067-51ED-4019-91CE-9FFCB2E7B8D8}.Release|Any.Build.0 = Release|Any CPU
		{1B649067-51ED-4019-91CE-9FFCB2E7B8D8}.Release|Any CPU.ActiveCfg = Release|Any CPU
		{1B649067-51ED-4019-91CE-9FFCB2E7B8D8}.Release|Any CPU.Build.0 = Release|Any CPU
	EndGlobalSection
	GlobalSection(SolutionProperties) = preSolution
		HideSolutionNode = FALSE
	EndGlobalSection
	GlobalSection(ExtensibilityGlobals) = postSolution
		SolutionGuid = {C3DE63B9-7F2B-43EF-AE09-44A5A752277B}
	EndGlobalSection
EndGlobal
